PODS:
  - DynamicColor (3.2.1)
  - FMDB (2.6.2):
    - FMDB/standard (= 2.6.2)
  - FMDB/standard (2.6.2)
  - SnapKit (3.2.0)
  - Toast-Swift (2.0.0)

DEPENDENCIES:
  - DynamicColor (~> 3.2.1)
  - FMDB (~> 2.6.2)
  - SnapKit
  - Toast-Swift

SPEC CHECKSUMS:
  DynamicColor: 4786d650c69da6c3f2cbfe068348288ec4e5521f
  FMDB: 854a0341b4726e53276f2a8996f06f1b80f9259a
  SnapKit: 1ca44df72cfa543218d177cb8aab029d10d86ea7
  Toast-Swift: 5b2f8f720f7e78e48511f693df1f9c9a6e38a25a

PODFILE CHECKSUM: 178abc3c05490fa85a70b89e8b128e686feddb1e

COCOAPODS: 1.2.0
